
Microsoft Visual Studio Solution File, Format Version 12.00
# Visual Studio Version 16
VisualStudioVersion = 16.0.29613.14
MinimumVisualStudioVersion = 10.0.40219.1
Project("{FAE04EC0-301F-11D3-BF4B-00C04F79EFBC}") = "EngineersSyndicate", "EngineersSyndicate\EngineersSyndicate.csproj", "{31A0A7FF-6377-4488-B7BE-A6134E258B1F}"
EndProject
Global
	GlobalSection(SolutionConfigurationPlatforms) = preSolution
		Debug|Any CPU = Debug|Any CPU
		Release|Any CPU = Release|Any CPU
	EndGlobalSection
	GlobalSection(ProjectConfigurationPlatforms) = postSolution
		{31A0A7FF-6377-4488-B7BE-A6134E258B1F}.Debug|Any CPU.ActiveCfg = Debug|Any CPU
		{31A0A7FF-6377-4488-B7BE-A6134E258B1F}.Debug|Any CPU.Build.0 = Debug|Any CPU
		{31A0A7FF-6377-4488-B7BE-A6134E258B1F}.Release|Any CPU.ActiveCfg = Release|Any CPU
		{31A0A7FF-6377-4488-B7BE-A6134E258B1F}.Release|Any CPU.Build.0 = Release|Any CPU
	EndGlobalSection
	GlobalSection(SolutionProperties) = preSolution
		HideSolutionNode = FALSE
	EndGlobalSection
	GlobalSection(ExtensibilityGlobals) = postSolution
		SolutionGuid = {B1BC0B07-633D-45A5-963D-CA93F7EB63E9}
	EndGlobalSection
EndGlobal
